# THIS IS AN AUTOGENERATED FILE. DO NOT EDIT THIS FILE DIRECTLY.
# yarn lockfile v1


"@cspotcode/source-map-consumer@0.8.0":
  version "0.8.0"
  resolved "http://af.hikvision.com.cn:80/artifactory/api/npm/npm-down/@cspotcode/source-map-consumer/-/source-map-consumer-0.8.0.tgz#33bf4b7b39c178821606f669bbc447a6a629786b"
  integrity sha1-M79LeznBeIIWBvZpu8RHpqYpeGs=

"@cspotcode/source-map-support@0.7.0":
  version "0.7.0"
  resolved "http://af.hikvision.com.cn:80/artifactory/api/npm/npm-down/@cspotcode/source-map-support/-/source-map-support-0.7.0.tgz#4789840aa859e46d2f3173727ab707c66bf344f5"
  integrity sha1-R4mECqhZ5G0vMXNyercHxmvzRPU=
  dependencies:
    "@cspotcode/source-map-consumer" "0.8.0"

"@tsconfig/node10@^1.0.7":
  version "1.0.8"
  resolved "http://af.hikvision.com.cn:80/artifactory/api/npm/npm-down/@tsconfig/node10/-/node10-1.0.8.tgz#c1e4e80d6f964fbecb3359c43bd48b40f7cadad9"
  integrity sha1-weToDW+WT77LM1nEO9SLQPfK2tk=

"@tsconfig/node12@^1.0.7":
  version "1.0.9"
  resolved "http://af.hikvision.com.cn:80/artifactory/api/npm/npm-down/@tsconfig/node12/-/node12-1.0.9.tgz#62c1f6dee2ebd9aead80dc3afa56810e58e1a04c"
  integrity sha1-YsH23uLr2a6tgNw6+laBDljhoEw=

"@tsconfig/node14@^1.0.0":
  version "1.0.1"
  resolved "http://af.hikvision.com.cn:80/artifactory/api/npm/npm-down/@tsconfig/node14/-/node14-1.0.1.tgz#95f2d167ffb9b8d2068b0b235302fafd4df711f2"
  integrity sha1-lfLRZ/+5uNIGiwsjUwL6/U33EfI=

"@tsconfig/node16@^1.0.2":
  version "1.0.2"
  resolved "http://af.hikvision.com.cn:80/artifactory/api/npm/npm-down/@tsconfig/node16/-/node16-1.0.2.tgz#423c77877d0569db20e1fc80885ac4118314010e"
  integrity sha1-Qjx3h30Fadsg4fyAiFrEEYMUAQ4=

"@types/async@^3.2.8":
  version "3.2.8"
  resolved "http://af.hikvision.com.cn:80/artifactory/api/npm/npm-down/@types/async/-/async-3.2.8.tgz#c4171a8990ed9ae4f0843cacbdceb4fabd7cc7e8"
  integrity sha1-xBcaiZDtmuTwhDysvc60+r18x+g=

"@types/nedb@^1.8.12":
  version "1.8.12"
  resolved "http://af.hikvision.com.cn:80/artifactory/api/npm/npm-down/@types/nedb/-/nedb-1.8.12.tgz#597bb124ddaf16039c6d478f4abc0a8f2006b134"
  integrity sha1-WXuxJN2vFgOcbUePSrwKjyAGsTQ=
  dependencies:
    "@types/node" "*"

"@types/node@*", "@types/node@^16.11.4":
  version "16.11.4"
  resolved "http://af.hikvision.com.cn:80/artifactory/api/npm/npm-down/@types/node/-/node-16.11.4.tgz#90771124822d6663814f7c1c9b45a6654d8fd964"
  integrity sha1-kHcRJIItZmOBT3wcm0WmZU2P2WQ=

acorn-walk@^8.1.1:
  version "8.2.0"
  resolved "http://af.hikvision.com.cn:80/artifactory/api/npm/npm-down/acorn-walk/-/acorn-walk-8.2.0.tgz#741210f2e2426454508853a2f44d0ab83b7f69c1"
  integrity sha1-dBIQ8uJCZFRQiFOi9E0KuDt/acE=

acorn@^8.4.1:
  version "8.5.0"
  resolved "http://af.hikvision.com.cn:80/artifactory/api/npm/npm-down/acorn/-/acorn-8.5.0.tgz#4512ccb99b3698c752591e9bb4472e38ad43cee2"
  integrity sha1-RRLMuZs2mMdSWR6btEcuOK1DzuI=

arg@^4.1.0:
  version "4.1.3"
  resolved "http://af.hikvision.com.cn:80/artifactory/api/npm/npm-down/arg/-/arg-4.1.3.tgz#269fc7ad5b8e42cb63c896d5666017261c144089"
  integrity sha1-Jp/HrVuOQstjyJbVZmAXJhwUQIk=

async@0.2.10:
  version "0.2.10"
  resolved "http://af.hikvision.com.cn:80/artifactory/api/npm/npm-down/async/-/async-0.2.10.tgz#b6bbe0b0674b9d719708ca38de8c237cb526c3d1"
  integrity sha1-trvgsGdLnXGXCMo43owjfLUmw9E=

async@^3.2.1:
  version "3.2.1"
  resolved "http://af.hikvision.com.cn:80/artifactory/api/npm/npm-down/async/-/async-3.2.1.tgz#d3274ec66d107a47476a4c49136aacdb00665fc8"
  integrity sha1-0ydOxm0QekdHakxJE2qs2wBmX8g=

binary-search-tree@0.2.5:
  version "0.2.5"
  resolved "http://af.hikvision.com.cn:80/artifactory/api/npm/npm-down/binary-search-tree/-/binary-search-tree-0.2.5.tgz#7dbb3b210fdca082450dad2334c304af39bdc784"
  integrity sha1-fbs7IQ/coIJFDa0jNMMErzm9x4Q=
  dependencies:
    underscore "~1.4.4"

co@^4.6.0:
  version "4.6.0"
  resolved "http://af.hikvision.com.cn:80/artifactory/api/npm/npm-down/co/-/co-4.6.0.tgz#6ea6bdf3d853ae54ccb8e47bfa0bf3f9031fb184"
  integrity sha1-bqa989hTrlTMuOR7+gvz+QMfsYQ=

create-require@^1.1.0:
  version "1.1.1"
  resolved "http://af.hikvision.com.cn:80/artifactory/api/npm/npm-down/create-require/-/create-require-1.1.1.tgz#c1d7e8f1e5f6cfc9ff65f9cd352d37348756c333"
  integrity sha1-wdfo8eX2z8n/ZfnNNS03NIdWwzM=

diff@^4.0.1:
  version "4.0.2"
  resolved "http://af.hikvision.com.cn:80/artifactory/api/npm/npm-down/diff/-/diff-4.0.2.tgz#60f3aecb89d5fae520c11aa19efc2bb982aade7d"
  integrity sha1-YPOuy4nV+uUgwRqhnvwruYKq3n0=

immediate@~3.0.5:
  version "3.0.6"
  resolved "http://af.hikvision.com.cn:80/artifactory/api/npm/npm-down/immediate/-/immediate-3.0.6.tgz#9db1dbd0faf8de6fbe0f5dd5e56bb606280de69b"
  integrity sha1-nbHb0Pr43m++D13V5Wu2BigN5ps=

lie@3.1.1:
  version "3.1.1"
  resolved "http://af.hikvision.com.cn:80/artifactory/api/npm/npm-down/lie/-/lie-3.1.1.tgz#9a436b2cc7746ca59de7a41fa469b3efb76bd87e"
  integrity sha1-mkNrLMd0bKWd56QfpGmz77dr2H4=
  dependencies:
    immediate "~3.0.5"

localforage@^1.3.0:
  version "1.10.0"
  resolved "http://af.hikvision.com.cn:80/artifactory/api/npm/npm-down/localforage/-/localforage-1.10.0.tgz#5c465dc5f62b2807c3a84c0c6a1b1b3212781dd4"
  integrity sha1-XEZdxfYrKAfDqEwMahsbMhJ4HdQ=
  dependencies:
    lie "3.1.1"

make-error@^1.1.1:
  version "1.3.6"
  resolved "http://af.hikvision.com.cn:80/artifactory/api/npm/npm-down/make-error/-/make-error-1.3.6.tgz#2eb2e37ea9b67c4891f684a1394799af484cf7a2"
  integrity sha1-LrLjfqm2fEiR9oShOUeZr0hM96I=

minimist@^1.2.5:
  version "1.2.5"
  resolved "http://af.hikvision.com.cn:80/artifactory/api/npm/npm-down/minimist/-/minimist-1.2.5.tgz#67d66014b66a6a8aaa0c083c5fd58df4e4e97602"
  integrity sha1-Z9ZgFLZqaoqqDAg8X9WN9OTpdgI=

mkdirp@~0.5.1:
  version "0.5.5"
  resolved "http://af.hikvision.com.cn:80/artifactory/api/npm/npm-down/mkdirp/-/mkdirp-0.5.5.tgz#d91cefd62d1436ca0f41620e251288d420099def"
  integrity sha1-2Rzv1i0UNsoPQWIOJRKI1CAJne8=
  dependencies:
    minimist "^1.2.5"

nedb@^1.8.0:
  version "1.8.0"
  resolved "http://af.hikvision.com.cn:80/artifactory/api/npm/npm-down/nedb/-/nedb-1.8.0.tgz#0e3502cd82c004d5355a43c9e55577bd7bd91d88"
  integrity sha1-DjUCzYLABNU1WkPJ5VV3vXvZHYg=
  dependencies:
    async "0.2.10"
    binary-search-tree "0.2.5"
    localforage "^1.3.0"
    mkdirp "~0.5.1"
    underscore "~1.4.4"

ts-node@^10.4.0:
  version "10.4.0"
  resolved "http://af.hikvision.com.cn:80/artifactory/api/npm/npm-down/ts-node/-/ts-node-10.4.0.tgz#680f88945885f4e6cf450e7f0d6223dd404895f7"
  integrity sha1-aA+IlFiF9ObPRQ5/DWIj3UBIlfc=
  dependencies:
    "@cspotcode/source-map-support" "0.7.0"
    "@tsconfig/node10" "^1.0.7"
    "@tsconfig/node12" "^1.0.7"
    "@tsconfig/node14" "^1.0.0"
    "@tsconfig/node16" "^1.0.2"
    acorn "^8.4.1"
    acorn-walk "^8.1.1"
    arg "^4.1.0"
    create-require "^1.1.0"
    diff "^4.0.1"
    make-error "^1.1.1"
    yn "3.1.1"

typescript@^4.4.4:
  version "4.4.4"
  resolved "http://af.hikvision.com.cn:80/artifactory/api/npm/npm-down/typescript/-/typescript-4.4.4.tgz#2cd01a1a1f160704d3101fd5a58ff0f9fcb8030c"
  integrity sha1-LNAaGh8WBwTTEB/VpY/w+fy4Aww=

underscore@~1.4.4:
  version "1.4.4"
  resolved "http://af.hikvision.com.cn:80/artifactory/api/npm/npm-down/underscore/-/underscore-1.4.4.tgz#61a6a32010622afa07963bf325203cf12239d604"
  integrity sha1-YaajIBBiKvoHljvzJSA88SI51gQ=

ws@^8.2.3:
  version "8.2.3"
  resolved "http://af.hikvision.com.cn:80/artifactory/api/npm/npm-down/ws/-/ws-8.2.3.tgz#63a56456db1b04367d0b721a0b80cae6d8becbba"
  integrity sha1-Y6VkVtsbBDZ9C3IaC4DK5ti+y7o=

yn@3.1.1:
  version "3.1.1"
  resolved "http://af.hikvision.com.cn:80/artifactory/api/npm/npm-down/yn/-/yn-3.1.1.tgz#1e87401a09d767c1d5eab26a6e4c185182d2eb50"
  integrity sha1-HodAGgnXZ8HV6rJqbkwYUYLS61A=
